
Microsoft Visual Studio Solution File, Format Version 12.00
# Visual Studio 14
VisualStudioVersion = 14.0.23107.0
MinimumVisualStudioVersion = 10.0.40219.1
Project("{FAE04EC0-301F-11D3-BF4B-00C04F79EFBC}") = "FinanzasPersonalesWeb", "FinanzasPersonalesWeb\FinanzasPersonalesWeb.csproj", "{570EFB6C-2667-4FAF-8860-A2DE3C12286A}"
EndProject
Project("{FAE04EC0-301F-11D3-BF4B-00C04F79EFBC}") = "DAL", "DAL\DAL.csproj", "{B850AC0E-6CCE-49E6-8870-E4825997FD12}"
EndProject
Project("{FAE04EC0-301F-11D3-BF4B-00C04F79EFBC}") = "BLL", "BLL\BLL.csproj", "{E40CAD30-152E-41DD-BD41-247771F316C4}"
EndProject
Project("{FAE04EC0-301F-11D3-BF4B-00C04F79EFBC}") = "BLLTests", "BLLTests\BLLTests.csproj", "{0ED15219-69B2-46D2-8F3F-2216AAB8ED6E}"
EndProject
Global
	GlobalSection(SolutionConfigurationPlatforms) = preSolution
		Debug|Any CPU = Debug|Any CPU
		Release|Any CPU = Release|Any CPU
	EndGlobalSection
	GlobalSection(ProjectConfigurationPlatforms) = postSolution
		{570EFB6C-2667-4FAF-8860-A2DE3C12286A}.Debug|Any CPU.ActiveCfg = Debug|Any CPU
		{570EFB6C-2667-4FAF-8860-A2DE3C12286A}.Debug|Any CPU.Build.0 = Debug|Any CPU
		{570EFB6C-2667-4FAF-8860-A2DE3C12286A}.Release|Any CPU.ActiveCfg = Release|Any CPU
		{570EFB6C-2667-4FAF-8860-A2DE3C12286A}.Release|Any CPU.Build.0 = Release|Any CPU
		{B850AC0E-6CCE-49E6-8870-E4825997FD12}.Debug|Any CPU.ActiveCfg = Debug|Any CPU
		{B850AC0E-6CCE-49E6-8870-E4825997FD12}.Debug|Any CPU.Build.0 = Debug|Any CPU
		{B850AC0E-6CCE-49E6-8870-E4825997FD12}.Release|Any CPU.ActiveCfg = Release|Any CPU
		{B850AC0E-6CCE-49E6-8870-E4825997FD12}.Release|Any CPU.Build.0 = Release|Any CPU
		{E40CAD30-152E-41DD-BD41-247771F316C4}.Debug|Any CPU.ActiveCfg = Debug|Any CPU
		{E40CAD30-152E-41DD-BD41-247771F316C4}.Debug|Any CPU.Build.0 = Debug|Any CPU
		{E40CAD30-152E-41DD-BD41-247771F316C4}.Release|Any CPU.ActiveCfg = Release|Any CPU
		{E40CAD30-152E-41DD-BD41-247771F316C4}.Release|Any CPU.Build.0 = Release|Any CPU
		{0ED15219-69B2-46D2-8F3F-2216AAB8ED6E}.Debug|Any CPU.ActiveCfg = Debug|Any CPU
		{0ED15219-69B2-46D2-8F3F-2216AAB8ED6E}.Debug|Any CPU.Build.0 = Debug|Any CPU
		{0ED15219-69B2-46D2-8F3F-2216AAB8ED6E}.Release|Any CPU.ActiveCfg = Release|Any CPU
		{0ED15219-69B2-46D2-8F3F-2216AAB8ED6E}.Release|Any CPU.Build.0 = Release|Any CPU
	EndGlobalSection
	GlobalSection(SolutionProperties) = preSolution
		HideSolutionNode = FALSE
	EndGlobalSection
EndGlobal
